
Microsoft Visual Studio Solution File, Format Version 12.00
# Visual Studio Version 17
VisualStudioVersion = 17.7.34003.232
MinimumVisualStudioVersion = 10.0.40219.1
Project("{9A19103F-16F7-4668-BE54-9A1E7A4F7556}") = "Aula Csharp 2024", "Aula Csharp 2024.csproj", "{59503BAF-6810-4469-908A-73173F92913C}"
EndProject
Project("{9A19103F-16F7-4668-BE54-9A1E7A4F7556}") = "Aula 1", "Aula 1\Aula 1.csproj", "{2422F5CA-0B5A-4F32-940C-780CA340DAC4}"
EndProject
Project("{FAE04EC0-301F-11D3-BF4B-00C04F79EFBC}") = "Aula 2", "Aula 2\Aula 2.csproj", "{B0DD6A44-7D1A-41EA-B384-C0F4E7C078BB}"
EndProject
Global
	GlobalSection(SolutionConfigurationPlatforms) = preSolution
		Debug|Any CPU = Debug|Any CPU
		Release|Any CPU = Release|Any CPU
	EndGlobalSection
	GlobalSection(ProjectConfigurationPlatforms) = postSolution
		{59503BAF-6810-4469-908A-73173F92913C}.Debug|Any CPU.ActiveCfg = Debug|Any CPU
		{59503BAF-6810-4469-908A-73173F92913C}.Debug|Any CPU.Build.0 = Debug|Any CPU
		{59503BAF-6810-4469-908A-73173F92913C}.Release|Any CPU.ActiveCfg = Release|Any CPU
		{59503BAF-6810-4469-908A-73173F92913C}.Release|Any CPU.Build.0 = Release|Any CPU
		{2422F5CA-0B5A-4F32-940C-780CA340DAC4}.Debug|Any CPU.ActiveCfg = Debug|Any CPU
		{2422F5CA-0B5A-4F32-940C-780CA340DAC4}.Debug|Any CPU.Build.0 = Debug|Any CPU
		{2422F5CA-0B5A-4F32-940C-780CA340DAC4}.Release|Any CPU.ActiveCfg = Release|Any CPU
		{2422F5CA-0B5A-4F32-940C-780CA340DAC4}.Release|Any CPU.Build.0 = Release|Any CPU
		{B0DD6A44-7D1A-41EA-B384-C0F4E7C078BB}.Debug|Any CPU.ActiveCfg = Debug|Any CPU
		{B0DD6A44-7D1A-41EA-B384-C0F4E7C078BB}.Debug|Any CPU.Build.0 = Debug|Any CPU
		{B0DD6A44-7D1A-41EA-B384-C0F4E7C078BB}.Release|Any CPU.ActiveCfg = Release|Any CPU
		{B0DD6A44-7D1A-41EA-B384-C0F4E7C078BB}.Release|Any CPU.Build.0 = Release|Any CPU
	EndGlobalSection
	GlobalSection(SolutionProperties) = preSolution
		HideSolutionNode = FALSE
	EndGlobalSection
	GlobalSection(ExtensibilityGlobals) = postSolution
		SolutionGuid = {86F163ED-A705-4514-9991-E396E46D5AD5}
	EndGlobalSection
EndGlobal
